// !$*UTF8*$!
{
	archiveVersion = 1;
	classes = {
	};
	objectVersion = 50;
	objects = {

/* Begin PBXBuildFile section */
		5701D41E24425CC300752517 /* AppDelegate.swift in Sources */ = {isa = PBXBuildFile; fileRef = 5701D41D24425CC300752517 /* AppDelegate.swift */; };
		5701D42024425CC300752517 /* SceneDelegate.swift in Sources */ = {isa = PBXBuildFile; fileRef = 5701D41F24425CC300752517 /* SceneDelegate.swift */; };
		5701D42224425CC300752517 /* MediaFeedViewController.swift in Sources */ = {isa = PBXBuildFile; fileRef = 5701D42124425CC300752517 /* MediaFeedViewController.swift */; };
		5701D42524425CC300752517 /* Main.storyboard in Resources */ = {isa = PBXBuildFile; fileRef = 5701D42324425CC300752517 /* Main.storyboard */; };
		5701D42724425CC400752517 /* Assets.xcassets in Resources */ = {isa = PBXBuildFile; fileRef = 5701D42624425CC400752517 /* Assets.xcassets */; };
		5701D42A24425CC400752517 /* LaunchScreen.storyboard in Resources */ = {isa = PBXBuildFile; fileRef = 5701D42824425CC400752517 /* LaunchScreen.storyboard */; };
		5701D4322442692000752517 /* HeaderView.swift in Sources */ = {isa = PBXBuildFile; fileRef = 5701D4312442692000752517 /* HeaderView.swift */; };
		5701D43424426D1C00752517 /* MediaObject.swift in Sources */ = {isa = PBXBuildFile; fileRef = 5701D43324426D1C00752517 /* MediaObject.swift */; };
		57541ECC244279D700957CA2 /* MediaCell.swift in Sources */ = {isa = PBXBuildFile; fileRef = 57541ECB244279D700957CA2 /* MediaCell.swift */; };
		57541ED224436CD700957CA2 /* MediaFeedDataModel.xcdatamodeld in Sources */ = {isa = PBXBuildFile; fileRef = 57541ED024436CD700957CA2 /* MediaFeedDataModel.xcdatamodeld */; };
		57541ED524436D5100957CA2 /* CDMediaObject+CoreDataClass.swift in Sources */ = {isa = PBXBuildFile; fileRef = 57541ED324436D5100957CA2 /* CDMediaObject+CoreDataClass.swift */; };
		57541EE2244370A600957CA2 /* CDMediaObject+CoreDataProperties.swift in Sources */ = {isa = PBXBuildFile; fileRef = 57541EE1244370A600957CA2 /* CDMediaObject+CoreDataProperties.swift */; };
		57541EE4244370D200957CA2 /* CoreDataManager.swift in Sources */ = {isa = PBXBuildFile; fileRef = 57541EE3244370D200957CA2 /* CoreDataManager.swift */; };
/* End PBXBuildFile section */

/* Begin PBXFileReference section */
		5701D41A24425CC300752517 /* AVFoundation-MediaFeed.app */ = {isa = PBXFileReference; explicitFileType = wrapper.application; includeInIndex = 0; path = "AVFoundation-MediaFeed.app"; sourceTree = BUILT_PRODUCTS_DIR; };
		5701D41D24425CC300752517 /* AppDelegate.swift */ = {isa = PBXFileReference; lastKnownFileType = sourcecode.swift; path = AppDelegate.swift; sourceTree = "<group>"; };
		5701D41F24425CC300752517 /* SceneDelegate.swift */ = {isa = PBXFileReference; lastKnownFileType = sourcecode.swift; path = SceneDelegate.swift; sourceTree = "<group>"; };
		5701D42124425CC300752517 /* MediaFeedViewController.swift */ = {isa = PBXFileReference; lastKnownFileType = sourcecode.swift; path = MediaFeedViewController.swift; sourceTree = "<group>"; };
		5701D42424425CC300752517 /* Base */ = {isa = PBXFileReference; lastKnownFileType = file.storyboard; name = Base; path = Base.lproj/Main.storyboard; sourceTree = "<group>"; };
		5701D42624425CC400752517 /* Assets.xcassets */ = {isa = PBXFileReference; lastKnownFileType = folder.assetcatalog; path = Assets.xcassets; sourceTree = "<group>"; };
		5701D42924425CC400752517 /* Base */ = {isa = PBXFileReference; lastKnownFileType = file.storyboard; name = Base; path = Base.lproj/LaunchScreen.storyboard; sourceTree = "<group>"; };
		5701D42B24425CC400752517 /* Info.plist */ = {isa = PBXFileReference; lastKnownFileType = text.plist.xml; path = Info.plist; sourceTree = "<group>"; };
		5701D4312442692000752517 /* HeaderView.swift */ = {isa = PBXFileReference; lastKnownFileType = sourcecode.swift; path = HeaderView.swift; sourceTree = "<group>"; };
		5701D43324426D1C00752517 /* MediaObject.swift */ = {isa = PBXFileReference; lastKnownFileType = sourcecode.swift; path = MediaObject.swift; sourceTree = "<group>"; };
		57541ECB244279D700957CA2 /* MediaCell.swift */ = {isa = PBXFileReference; lastKnownFileType = sourcecode.swift; path = MediaCell.swift; sourceTree = "<group>"; };
		57541ED124436CD700957CA2 /* MediaFeedDataModel.xcdatamodel */ = {isa = PBXFileReference; lastKnownFileType = wrapper.xcdatamodel; path = MediaFeedDataModel.xcdatamodel; sourceTree = "<group>"; };
		57541ED324436D5100957CA2 /* CDMediaObject+CoreDataClass.swift */ = {isa = PBXFileReference; lastKnownFileType = sourcecode.swift; path = "CDMediaObject+CoreDataClass.swift"; sourceTree = "<group>"; };
		57541EE1244370A600957CA2 /* CDMediaObject+CoreDataProperties.swift */ = {isa = PBXFileReference; lastKnownFileType = sourcecode.swift; path = "CDMediaObject+CoreDataProperties.swift"; sourceTree = "<group>"; };
		57541EE3244370D200957CA2 /* CoreDataManager.swift */ = {isa = PBXFileReference; lastKnownFileType = sourcecode.swift; path = CoreDataManager.swift; sourceTree = "<group>"; };
/* End PBXFileReference section */

/* Begin PBXFrameworksBuildPhase section */
		5701D41724425CC300752517 /* Frameworks */ = {
			isa = PBXFrameworksBuildPhase;
			buildActionMask = 2147483647;
			files = (
			);
			runOnlyForDeploymentPostprocessing = 0;
		};
/* End PBXFrameworksBuildPhase section */

/* Begin PBXGroup section */
		5701D41124425CC200752517 = {
			isa = PBXGroup;
			children = (
				5701D41C24425CC300752517 /* AVFoundation-MediaFeed */,
				5701D41B24425CC300752517 /* Products */,
			);
			sourceTree = "<group>";
		};
		5701D41B24425CC300752517 /* Products */ = {
			isa = PBXGroup;
			children = (
				5701D41A24425CC300752517 /* AVFoundation-MediaFeed.app */,
			);
			name = Products;
			sourceTree = "<group>";
		};
		5701D41C24425CC300752517 /* AVFoundation-MediaFeed */ = {
			isa = PBXGroup;
			children = (
				57541ED724436D6400957CA2 /* Models */,
				57541ED924436D8400957CA2 /* Views */,
				57541EDA24436D8A00957CA2 /* Controllers */,
				57541ED824436D7400957CA2 /* Supporting Files */,
				5701D42B24425CC400752517 /* Info.plist */,
			);
			path = "AVFoundation-MediaFeed";
			sourceTree = "<group>";
		};
		57541ED724436D6400957CA2 /* Models */ = {
			isa = PBXGroup;
			children = (
				57541EE1244370A600957CA2 /* CDMediaObject+CoreDataProperties.swift */,
				5701D43324426D1C00752517 /* MediaObject.swift */,
				57541ED324436D5100957CA2 /* CDMediaObject+CoreDataClass.swift */,
				57541ED024436CD700957CA2 /* MediaFeedDataModel.xcdatamodeld */,
				57541EE3244370D200957CA2 /* CoreDataManager.swift */,
			);
			path = Models;
			sourceTree = "<group>";
		};
		57541ED824436D7400957CA2 /* Supporting Files */ = {
			isa = PBXGroup;
			children = (
				5701D41D24425CC300752517 /* AppDelegate.swift */,
				5701D41F24425CC300752517 /* SceneDelegate.swift */,
				5701D42324425CC300752517 /* Main.storyboard */,
				5701D42624425CC400752517 /* Assets.xcassets */,
				5701D42824425CC400752517 /* LaunchScreen.storyboard */,
			);
			path = "Supporting Files";
			sourceTree = "<group>";
		};
		57541ED924436D8400957CA2 /* Views */ = {
			isa = PBXGroup;
			children = (
				57541ECB244279D700957CA2 /* MediaCell.swift */,
				5701D4312442692000752517 /* HeaderView.swift */,
			);
			path = Views;
			sourceTree = "<group>";
		};
		57541EDA24436D8A00957CA2 /* Controllers */ = {
			isa = PBXGroup;
			children = (
				5701D42124425CC300752517 /* MediaFeedViewController.swift */,
			);
			path = Controllers;
			sourceTree = "<group>";
		};
/* End PBXGroup section */

/* Begin PBXNativeTarget section */
		5701D41924425CC300752517 /* AVFoundation-MediaFeed */ = {
			isa = PBXNativeTarget;
			buildConfigurationList = 5701D42E24425CC400752517 /* Build configuration list for PBXNativeTarget "AVFoundation-MediaFeed" */;
			buildPhases = (
				5701D41624425CC300752517 /* Sources */,
				5701D41724425CC300752517 /* Frameworks */,
				5701D41824425CC300752517 /* Resources */,
			);
			buildRules = (
			);
			dependencies = (
			);
			name = "AVFoundation-MediaFeed";
			productName = "AVFoundation-MediaFeed";
			productReference = 5701D41A24425CC300752517 /* AVFoundation-MediaFeed.app */;
			productType = "com.apple.product-type.application";
		};
/* End PBXNativeTarget section */

/* Begin PBXProject section */
		5701D41224425CC200752517 /* Project object */ = {
			isa = PBXProject;
			attributes = {
				LastSwiftUpdateCheck = 1140;
				LastUpgradeCheck = 1140;
				ORGANIZATIONNAME = "Alex Paul";
				TargetAttributes = {
					5701D41924425CC300752517 = {
						CreatedOnToolsVersion = 11.4;
					};
				};
			};
			buildConfigurationList = 5701D41524425CC200752517 /* Build configuration list for PBXProject "AVFoundation-MediaFeed" */;
			compatibilityVersion = "Xcode 9.3";
			developmentRegion = en;
			hasScannedForEncodings = 0;
			knownRegions = (
				en,
				Base,
			);
			mainGroup = 5701D41124425CC200752517;
			productRefGroup = 5701D41B24425CC300752517 /* Products */;
			projectDirPath = "";
			projectRoot = "";
			targets = (
				5701D41924425CC300752517 /* AVFoundation-MediaFeed */,
			);
		};
/* End PBXProject section */

/* Begin PBXResourcesBuildPhase section */
		5701D41824425CC300752517 /* Resources */ = {
			isa = PBXResourcesBuildPhase;
			buildActionMask = 2147483647;
			files = (
				5701D42A24425CC400752517 /* LaunchScreen.storyboard in Resources */,
				5701D42724425CC400752517 /* Assets.xcassets in Resources */,
				5701D42524425CC300752517 /* Main.storyboard in Resources */,
			);
			runOnlyForDeploymentPostprocessing = 0;
		};
/* End PBXResourcesBuildPhase section */

/* Begin PBXSourcesBuildPhase section */
		5701D41624425CC300752517 /* Sources */ = {
			isa = PBXSourcesBuildPhase;
			buildActionMask = 2147483647;
			files = (
				5701D42224425CC300752517 /* MediaFeedViewController.swift in Sources */,
				5701D41E24425CC300752517 /* AppDelegate.swift in Sources */,
				57541ED524436D5100957CA2 /* CDMediaObject+CoreDataClass.swift in Sources */,
				57541EE2244370A600957CA2 /* CDMediaObject+CoreDataProperties.swift in Sources */,
				5701D42024425CC300752517 /* SceneDelegate.swift in Sources */,
				5701D43424426D1C00752517 /* MediaObject.swift in Sources */,
				57541ECC244279D700957CA2 /* MediaCell.swift in Sources */,
				57541ED224436CD700957CA2 /* MediaFeedDataModel.xcdatamodeld in Sources */,
				57541EE4244370D200957CA2 /* CoreDataManager.swift in Sources */,
				5701D4322442692000752517 /* HeaderView.swift in Sources */,
			);
			runOnlyForDeploymentPostprocessing = 0;
		};
/* End PBXSourcesBuildPhase section */

/* Begin PBXVariantGroup section */
		5701D42324425CC300752517 /* Main.storyboard */ = {
			isa = PBXVariantGroup;
			children = (
				5701D42424425CC300752517 /* Base */,
			);
			name = Main.storyboard;
			sourceTree = "<group>";
		};
		5701D42824425CC400752517 /* LaunchScreen.storyboard */ = {
			isa = PBXVariantGroup;
			children = (
				5701D42924425CC400752517 /* Base */,
			);
			name = LaunchScreen.storyboard;
			sourceTree = "<group>";
		};
/* End PBXVariantGroup section */

/* Begin XCBuildConfiguration section */
		5701D42C24425CC400752517 /* Debug */ = {
			isa = XCBuildConfiguration;
			buildSettings = {
				ALWAYS_SEARCH_USER_PATHS = NO;
				CLANG_ANALYZER_NONNULL = YES;
				CLANG_ANALYZER_NUMBER_OBJECT_CONVERSION = YES_AGGRESSIVE;
				CLANG_CXX_LANGUAGE_STANDARD = "gnu++14";
				CLANG_CXX_LIBRARY = "libc++";
				CLANG_ENABLE_MODULES = YES;
				CLANG_ENABLE_OBJC_ARC = YES;
				CLANG_ENABLE_OBJC_WEAK = YES;
				CLANG_WARN_BLOCK_CAPTURE_AUTORELEASING = YES;
				CLANG_WARN_BOOL_CONVERSION = YES;
				CLANG_WARN_COMMA = YES;
				CLANG_WARN_CONSTANT_CONVERSION = YES;
				CLANG_WARN_DEPRECATED_OBJC_IMPLEMENTATIONS = YES;
				CLANG_WARN_DIRECT_OBJC_ISA_USAGE = YES_ERROR;
				CLANG_WARN_DOCUMENTATION_COMMENTS = YES;
				CLANG_WARN_EMPTY_BODY = YES;
				CLANG_WARN_ENUM_CONVERSION = YES;
				CLANG_WARN_INFINITE_RECURSION = YES;
				CLANG_WARN_INT_CONVERSION = YES;
				CLANG_WARN_NON_LITERAL_NULL_CONVERSION = YES;
				CLANG_WARN_OBJC_IMPLICIT_RETAIN_SELF = YES;
				CLANG_WARN_OBJC_LITERAL_CONVERSION = YES;
				CLANG_WARN_OBJC_ROOT_CLASS = YES_ERROR;
				CLANG_WARN_RANGE_LOOP_ANALYSIS = YES;
				CLANG_WARN_STRICT_PROTOTYPES = YES;
				CLANG_WARN_SUSPICIOUS_MOVE = YES;
				CLANG_WARN_UNGUARDED_AVAILABILITY = YES_AGGRESSIVE;
				CLANG_WARN_UNREACHABLE_CODE = YES;
				CLANG_WARN__DUPLICATE_METHOD_MATCH = YES;
				COPY_PHASE_STRIP = NO;
				DEBUG_INFORMATION_FORMAT = dwarf;
				ENABLE_STRICT_OBJC_MSGSEND = YES;
				ENABLE_TESTABILITY = YES;
				GCC_C_LANGUAGE_STANDARD = gnu11;
				GCC_DYNAMIC_NO_PIC = NO;
				GCC_NO_COMMON_BLOCKS = YES;
				GCC_OPTIMIZATION_LEVEL = 0;
				GCC_PREPROCESSOR_DEFINITIONS = (
					"DEBUG=1",
					"$(inherited)",
				);
				GCC_WARN_64_TO_32_BIT_CONVERSION = YES;
				GCC_WARN_ABOUT_RETURN_TYPE = YES_ERROR;
				GCC_WARN_UNDECLARED_SELECTOR = YES;
				GCC_WARN_UNINITIALIZED_AUTOS = YES_AGGRESSIVE;
				GCC_WARN_UNUSED_FUNCTION = YES;
				GCC_WARN_UNUSED_VARIABLE = YES;
				IPHONEOS_DEPLOYMENT_TARGET = 13.4;
				MTL_ENABLE_DEBUG_INFO = INCLUDE_SOURCE;
				MTL_FAST_MATH = YES;
				ONLY_ACTIVE_ARCH = YES;
				SDKROOT = iphoneos;
				SWIFT_ACTIVE_COMPILATION_CONDITIONS = DEBUG;
				SWIFT_OPTIMIZATION_LEVEL = "-Onone";
			};
			name = Debug;
		};
		5701D42D24425CC400752517 /* Release */ = {
			isa = XCBuildConfiguration;
			buildSettings = {
				ALWAYS_SEARCH_USER_PATHS = NO;
				CLANG_ANALYZER_NONNULL = YES;
				CLANG_ANALYZER_NUMBER_OBJECT_CONVERSION = YES_AGGRESSIVE;
				CLANG_CXX_LANGUAGE_STANDARD = "gnu++14";
				CLANG_CXX_LIBRARY = "libc++";
				CLANG_ENABLE_MODULES = YES;
				CLANG_ENABLE_OBJC_ARC = YES;
				CLANG_ENABLE_OBJC_WEAK = YES;
				CLANG_WARN_BLOCK_CAPTURE_AUTORELEASING = YES;
				CLANG_WARN_BOOL_CONVERSION = YES;
				CLANG_WARN_COMMA = YES;
				CLANG_WARN_CONSTANT_CONVERSION = YES;
				CLANG_WARN_DEPRECATED_OBJC_IMPLEMENTATIONS = YES;
				CLANG_WARN_DIRECT_OBJC_ISA_USAGE = YES_ERROR;
				CLANG_WARN_DOCUMENTATION_COMMENTS = YES;
				CLANG_WARN_EMPTY_BODY = YES;
				CLANG_WARN_ENUM_CONVERSION = YES;
				CLANG_WARN_INFINITE_RECURSION = YES;
				CLANG_WARN_INT_CONVERSION = YES;
				CLANG_WARN_NON_LITERAL_NULL_CONVERSION = YES;
				CLANG_WARN_OBJC_IMPLICIT_RETAIN_SELF = YES;
				CLANG_WARN_OBJC_LITERAL_CONVERSION = YES;
				CLANG_WARN_OBJC_ROOT_CLASS = YES_ERROR;
				CLANG_WARN_RANGE_LOOP_ANALYSIS = YES;
				CLANG_WARN_STRICT_PROTOTYPES = YES;
				CLANG_WARN_SUSPICIOUS_MOVE = YES;
				CLANG_WARN_UNGUARDED_AVAILABILITY = YES_AGGRESSIVE;
				CLANG_WARN_UNREACHABLE_CODE = YES;
				CLANG_WARN__DUPLICATE_METHOD_MATCH = YES;
				COPY_PHASE_STRIP = NO;
				DEBUG_INFORMATION_FORMAT = "dwarf-with-dsym";
				ENABLE_NS_ASSERTIONS = NO;
				ENABLE_STRICT_OBJC_MSGSEND = YES;
				GCC_C_LANGUAGE_STANDARD = gnu11;
				GCC_NO_COMMON_BLOCKS = YES;
				GCC_WARN_64_TO_32_BIT_CONVERSION = YES;
				GCC_WARN_ABOUT_RETURN_TYPE = YES_ERROR;
				GCC_WARN_UNDECLARED_SELECTOR = YES;
				GCC_WARN_UNINITIALIZED_AUTOS = YES_AGGRESSIVE;
				GCC_WARN_UNUSED_FUNCTION = YES;
				GCC_WARN_UNUSED_VARIABLE = YES;
				IPHONEOS_DEPLOYMENT_TARGET = 13.4;
				MTL_ENABLE_DEBUG_INFO = NO;
				MTL_FAST_MATH = YES;
				SDKROOT = iphoneos;
				SWIFT_COMPILATION_MODE = wholemodule;
				SWIFT_OPTIMIZATION_LEVEL = "-O";
				VALIDATE_PRODUCT = YES;
			};
			name = Release;
		};
		5701D42F24425CC400752517 /* Debug */ = {
			isa = XCBuildConfiguration;
			buildSettings = {
				ASSETCATALOG_COMPILER_APPICON_NAME = AppIcon;
				CODE_SIGN_STYLE = Automatic;
				DEVELOPMENT_TEAM = ZEKMNK5YD3;
				INFOPLIST_FILE = "AVFoundation-MediaFeed/Info.plist";
				LD_RUNPATH_SEARCH_PATHS = (
					"$(inherited)",
					"@executable_path/Frameworks",
				);
				PRODUCT_BUNDLE_IDENTIFIER = "com.alexcpaul.AVFoundation-MediaFeed";
				PRODUCT_NAME = "$(TARGET_NAME)";
				SWIFT_VERSION = 5.0;
				TARGETED_DEVICE_FAMILY = "1,2";
			};
			name = Debug;
		};
		5701D43024425CC400752517 /* Release */ = {
			isa = XCBuildConfiguration;
			buildSettings = {
				ASSETCATALOG_COMPILER_APPICON_NAME = AppIcon;
				CODE_SIGN_STYLE = Automatic;
				DEVELOPMENT_TEAM = ZEKMNK5YD3;
				INFOPLIST_FILE = "AVFoundation-MediaFeed/Info.plist";
				LD_RUNPATH_SEARCH_PATHS = (
					"$(inherited)",
					"@executable_path/Frameworks",
				);
				PRODUCT_BUNDLE_IDENTIFIER = "com.alexcpaul.AVFoundation-MediaFeed";
				PRODUCT_NAME = "$(TARGET_NAME)";
				SWIFT_VERSION = 5.0;
				TARGETED_DEVICE_FAMILY = "1,2";
			};
			name = Release;
		};
/* End XCBuildConfiguration section */

/* Begin XCConfigurationList section */
		5701D41524425CC200752517 /* Build configuration list for PBXProject "AVFoundation-MediaFeed" */ = {
			isa = XCConfigurationList;
			buildConfigurations = (
				5701D42C24425CC400752517 /* Debug */,
				5701D42D24425CC400752517 /* Release */,
			);
			defaultConfigurationIsVisible = 0;
			defaultConfigurationName = Release;
		};
		5701D42E24425CC400752517 /* Build configuration list for PBXNativeTarget "AVFoundation-MediaFeed" */ = {
			isa = XCConfigurationList;
			buildConfigurations = (
				5701D42F24425CC400752517 /* Debug */,
				5701D43024425CC400752517 /* Release */,
			);
			defaultConfigurationIsVisible = 0;
			defaultConfigurationName = Release;
		};
/* End XCConfigurationList section */

/* Begin XCVersionGroup section */
		57541ED024436CD700957CA2 /* MediaFeedDataModel.xcdatamodeld */ = {
			isa = XCVersionGroup;
			children = (
				57541ED124436CD700957CA2 /* MediaFeedDataModel.xcdatamodel */,
			);
			currentVersion = 57541ED124436CD700957CA2 /* MediaFeedDataModel.xcdatamodel */;
			path = MediaFeedDataModel.xcdatamodeld;
			sourceTree = "<group>";
			versionGroupType = wrapper.xcdatamodel;
		};
/* End XCVersionGroup section */
	};
	rootObject = 5701D41224425CC200752517 /* Project object */;
}
