// !$*UTF8*$!
{
	archiveVersion = 1;
	classes = {
	};
	objectVersion = 50;
	objects = {

/* Begin PBXBuildFile section */
		570A29CE2444B9A400DAA382 /* AppDelegate.swift in Sources */ = {isa = PBXBuildFile; fileRef = 570A29CD2444B9A400DAA382 /* AppDelegate.swift */; };
		570A29D02444B9A400DAA382 /* SceneDelegate.swift in Sources */ = {isa = PBXBuildFile; fileRef = 570A29CF2444B9A400DAA382 /* SceneDelegate.swift */; };
		570A29D22444B9A400DAA382 /* MediaFeedViewController.swift in Sources */ = {isa = PBXBuildFile; fileRef = 570A29D12444B9A400DAA382 /* MediaFeedViewController.swift */; };
		570A29D52444B9A400DAA382 /* Main.storyboard in Resources */ = {isa = PBXBuildFile; fileRef = 570A29D32444B9A400DAA382 /* Main.storyboard */; };
		570A29D72444B9A600DAA382 /* Assets.xcassets in Resources */ = {isa = PBXBuildFile; fileRef = 570A29D62444B9A600DAA382 /* Assets.xcassets */; };
		570A29DA2444B9A600DAA382 /* LaunchScreen.storyboard in Resources */ = {isa = PBXBuildFile; fileRef = 570A29D82444B9A600DAA382 /* LaunchScreen.storyboard */; };
		570A29E22444C03D00DAA382 /* MediaCell.swift in Sources */ = {isa = PBXBuildFile; fileRef = 570A29E12444C03D00DAA382 /* MediaCell.swift */; };
		570A29E42444C07D00DAA382 /* HeaderView.swift in Sources */ = {isa = PBXBuildFile; fileRef = 570A29E32444C07D00DAA382 /* HeaderView.swift */; };
		570A29E62444C40200DAA382 /* MediaObject.swift in Sources */ = {isa = PBXBuildFile; fileRef = 570A29E52444C40200DAA382 /* MediaObject.swift */; };
		572C3E122446191800938D19 /* MediaFeedDataModel.xcdatamodeld in Sources */ = {isa = PBXBuildFile; fileRef = 572C3E102446191800938D19 /* MediaFeedDataModel.xcdatamodeld */; };
		572C3E1824461C7100938D19 /* CoreDataManager.swift in Sources */ = {isa = PBXBuildFile; fileRef = 572C3E1724461C7100938D19 /* CoreDataManager.swift */; };
		572C3E1B24461D5200938D19 /* CDMediaObject+CoreDataClass.swift in Sources */ = {isa = PBXBuildFile; fileRef = 572C3E1924461D5200938D19 /* CDMediaObject+CoreDataClass.swift */; };
		572C3E1C24461D5200938D19 /* CDMediaObject+CoreDataProperties.swift in Sources */ = {isa = PBXBuildFile; fileRef = 572C3E1A24461D5200938D19 /* CDMediaObject+CoreDataProperties.swift */; };
		573ED0DA244751FA004FEE4E /* Data+ConvertToURL.swift in Sources */ = {isa = PBXBuildFile; fileRef = 573ED0D9244751FA004FEE4E /* Data+ConvertToURL.swift */; };
		576F85B72444EB57008700BB /* URL+VideoPreviewThumbnail.swift in Sources */ = {isa = PBXBuildFile; fileRef = 576F85B62444EB57008700BB /* URL+VideoPreviewThumbnail.swift */; };
/* End PBXBuildFile section */

/* Begin PBXFileReference section */
		570A29CA2444B9A400DAA382 /* AVFoundation-MediaFeed.app */ = {isa = PBXFileReference; explicitFileType = wrapper.application; includeInIndex = 0; path = "AVFoundation-MediaFeed.app"; sourceTree = BUILT_PRODUCTS_DIR; };
		570A29CD2444B9A400DAA382 /* AppDelegate.swift */ = {isa = PBXFileReference; lastKnownFileType = sourcecode.swift; path = AppDelegate.swift; sourceTree = "<group>"; };
		570A29CF2444B9A400DAA382 /* SceneDelegate.swift */ = {isa = PBXFileReference; lastKnownFileType = sourcecode.swift; path = SceneDelegate.swift; sourceTree = "<group>"; };
		570A29D12444B9A400DAA382 /* MediaFeedViewController.swift */ = {isa = PBXFileReference; lastKnownFileType = sourcecode.swift; path = MediaFeedViewController.swift; sourceTree = "<group>"; };
		570A29D42444B9A400DAA382 /* Base */ = {isa = PBXFileReference; lastKnownFileType = file.storyboard; name = Base; path = Base.lproj/Main.storyboard; sourceTree = "<group>"; };
		570A29D62444B9A600DAA382 /* Assets.xcassets */ = {isa = PBXFileReference; lastKnownFileType = folder.assetcatalog; path = Assets.xcassets; sourceTree = "<group>"; };
		570A29D92444B9A600DAA382 /* Base */ = {isa = PBXFileReference; lastKnownFileType = file.storyboard; name = Base; path = Base.lproj/LaunchScreen.storyboard; sourceTree = "<group>"; };
		570A29DB2444B9A600DAA382 /* Info.plist */ = {isa = PBXFileReference; lastKnownFileType = text.plist.xml; path = Info.plist; sourceTree = "<group>"; };
		570A29E12444C03D00DAA382 /* MediaCell.swift */ = {isa = PBXFileReference; lastKnownFileType = sourcecode.swift; path = MediaCell.swift; sourceTree = "<group>"; };
		570A29E32444C07D00DAA382 /* HeaderView.swift */ = {isa = PBXFileReference; lastKnownFileType = sourcecode.swift; path = HeaderView.swift; sourceTree = "<group>"; };
		570A29E52444C40200DAA382 /* MediaObject.swift */ = {isa = PBXFileReference; lastKnownFileType = sourcecode.swift; path = MediaObject.swift; sourceTree = "<group>"; };
		572C3E112446191800938D19 /* MediaFeedDataModel.xcdatamodel */ = {isa = PBXFileReference; lastKnownFileType = wrapper.xcdatamodel; path = MediaFeedDataModel.xcdatamodel; sourceTree = "<group>"; };
		572C3E1724461C7100938D19 /* CoreDataManager.swift */ = {isa = PBXFileReference; lastKnownFileType = sourcecode.swift; path = CoreDataManager.swift; sourceTree = "<group>"; };
		572C3E1924461D5200938D19 /* CDMediaObject+CoreDataClass.swift */ = {isa = PBXFileReference; lastKnownFileType = sourcecode.swift; path = "CDMediaObject+CoreDataClass.swift"; sourceTree = SOURCE_ROOT; };
		572C3E1A24461D5200938D19 /* CDMediaObject+CoreDataProperties.swift */ = {isa = PBXFileReference; lastKnownFileType = sourcecode.swift; path = "CDMediaObject+CoreDataProperties.swift"; sourceTree = SOURCE_ROOT; };
		573ED0D9244751FA004FEE4E /* Data+ConvertToURL.swift */ = {isa = PBXFileReference; lastKnownFileType = sourcecode.swift; path = "Data+ConvertToURL.swift"; sourceTree = "<group>"; };
		576F85B62444EB57008700BB /* URL+VideoPreviewThumbnail.swift */ = {isa = PBXFileReference; lastKnownFileType = sourcecode.swift; path = "URL+VideoPreviewThumbnail.swift"; sourceTree = "<group>"; };
/* End PBXFileReference section */

/* Begin PBXFrameworksBuildPhase section */
		570A29C72444B9A400DAA382 /* Frameworks */ = {
			isa = PBXFrameworksBuildPhase;
			buildActionMask = 2147483647;
			files = (
			);
			runOnlyForDeploymentPostprocessing = 0;
		};
/* End PBXFrameworksBuildPhase section */

/* Begin PBXGroup section */
		570A29C12444B9A400DAA382 = {
			isa = PBXGroup;
			children = (
				570A29CC2444B9A400DAA382 /* AVFoundation-MediaFeed */,
				570A29CB2444B9A400DAA382 /* Products */,
			);
			sourceTree = "<group>";
		};
		570A29CB2444B9A400DAA382 /* Products */ = {
			isa = PBXGroup;
			children = (
				570A29CA2444B9A400DAA382 /* AVFoundation-MediaFeed.app */,
			);
			name = Products;
			sourceTree = "<group>";
		};
		570A29CC2444B9A400DAA382 /* AVFoundation-MediaFeed */ = {
			isa = PBXGroup;
			children = (
				572C3E1924461D5200938D19 /* CDMediaObject+CoreDataClass.swift */,
				572C3E1A24461D5200938D19 /* CDMediaObject+CoreDataProperties.swift */,
				570A29CD2444B9A400DAA382 /* AppDelegate.swift */,
				570A29CF2444B9A400DAA382 /* SceneDelegate.swift */,
				570A29D12444B9A400DAA382 /* MediaFeedViewController.swift */,
				570A29E12444C03D00DAA382 /* MediaCell.swift */,
				572C3E1724461C7100938D19 /* CoreDataManager.swift */,
				570A29E52444C40200DAA382 /* MediaObject.swift */,
				572C3E102446191800938D19 /* MediaFeedDataModel.xcdatamodeld */,
				570A29E32444C07D00DAA382 /* HeaderView.swift */,
				576F85B62444EB57008700BB /* URL+VideoPreviewThumbnail.swift */,
				573ED0D9244751FA004FEE4E /* Data+ConvertToURL.swift */,
				570A29D32444B9A400DAA382 /* Main.storyboard */,
				570A29D62444B9A600DAA382 /* Assets.xcassets */,
				570A29D82444B9A600DAA382 /* LaunchScreen.storyboard */,
				570A29DB2444B9A600DAA382 /* Info.plist */,
			);
			path = "AVFoundation-MediaFeed";
			sourceTree = "<group>";
		};
/* End PBXGroup section */

/* Begin PBXNativeTarget section */
		570A29C92444B9A400DAA382 /* AVFoundation-MediaFeed */ = {
			isa = PBXNativeTarget;
			buildConfigurationList = 570A29DE2444B9A600DAA382 /* Build configuration list for PBXNativeTarget "AVFoundation-MediaFeed" */;
			buildPhases = (
				570A29C62444B9A400DAA382 /* Sources */,
				570A29C72444B9A400DAA382 /* Frameworks */,
				570A29C82444B9A400DAA382 /* Resources */,
			);
			buildRules = (
			);
			dependencies = (
			);
			name = "AVFoundation-MediaFeed";
			productName = "AVFoundation-MediaFeed";
			productReference = 570A29CA2444B9A400DAA382 /* AVFoundation-MediaFeed.app */;
			productType = "com.apple.product-type.application";
		};
/* End PBXNativeTarget section */

/* Begin PBXProject section */
		570A29C22444B9A400DAA382 /* Project object */ = {
			isa = PBXProject;
			attributes = {
				LastSwiftUpdateCheck = 1140;
				LastUpgradeCheck = 1140;
				ORGANIZATIONNAME = "Alex Paul";
				TargetAttributes = {
					570A29C92444B9A400DAA382 = {
						CreatedOnToolsVersion = 11.4;
					};
				};
			};
			buildConfigurationList = 570A29C52444B9A400DAA382 /* Build configuration list for PBXProject "AVFoundation-MediaFeed" */;
			compatibilityVersion = "Xcode 9.3";
			developmentRegion = en;
			hasScannedForEncodings = 0;
			knownRegions = (
				en,
				Base,
			);
			mainGroup = 570A29C12444B9A400DAA382;
			productRefGroup = 570A29CB2444B9A400DAA382 /* Products */;
			projectDirPath = "";
			projectRoot = "";
			targets = (
				570A29C92444B9A400DAA382 /* AVFoundation-MediaFeed */,
			);
		};
/* End PBXProject section */

/* Begin PBXResourcesBuildPhase section */
		570A29C82444B9A400DAA382 /* Resources */ = {
			isa = PBXResourcesBuildPhase;
			buildActionMask = 2147483647;
			files = (
				570A29DA2444B9A600DAA382 /* LaunchScreen.storyboard in Resources */,
				570A29D72444B9A600DAA382 /* Assets.xcassets in Resources */,
				570A29D52444B9A400DAA382 /* Main.storyboard in Resources */,
			);
			runOnlyForDeploymentPostprocessing = 0;
		};
/* End PBXResourcesBuildPhase section */

/* Begin PBXSourcesBuildPhase section */
		570A29C62444B9A400DAA382 /* Sources */ = {
			isa = PBXSourcesBuildPhase;
			buildActionMask = 2147483647;
			files = (
				572C3E1B24461D5200938D19 /* CDMediaObject+CoreDataClass.swift in Sources */,
				570A29E42444C07D00DAA382 /* HeaderView.swift in Sources */,
				576F85B72444EB57008700BB /* URL+VideoPreviewThumbnail.swift in Sources */,
				570A29E62444C40200DAA382 /* MediaObject.swift in Sources */,
				570A29D22444B9A400DAA382 /* MediaFeedViewController.swift in Sources */,
				570A29CE2444B9A400DAA382 /* AppDelegate.swift in Sources */,
				573ED0DA244751FA004FEE4E /* Data+ConvertToURL.swift in Sources */,
				570A29E22444C03D00DAA382 /* MediaCell.swift in Sources */,
				572C3E1C24461D5200938D19 /* CDMediaObject+CoreDataProperties.swift in Sources */,
				572C3E122446191800938D19 /* MediaFeedDataModel.xcdatamodeld in Sources */,
				570A29D02444B9A400DAA382 /* SceneDelegate.swift in Sources */,
				572C3E1824461C7100938D19 /* CoreDataManager.swift in Sources */,
			);
			runOnlyForDeploymentPostprocessing = 0;
		};
/* End PBXSourcesBuildPhase section */

/* Begin PBXVariantGroup section */
		570A29D32444B9A400DAA382 /* Main.storyboard */ = {
			isa = PBXVariantGroup;
			children = (
				570A29D42444B9A400DAA382 /* Base */,
			);
			name = Main.storyboard;
			sourceTree = "<group>";
		};
		570A29D82444B9A600DAA382 /* LaunchScreen.storyboard */ = {
			isa = PBXVariantGroup;
			children = (
				570A29D92444B9A600DAA382 /* Base */,
			);
			name = LaunchScreen.storyboard;
			sourceTree = "<group>";
		};
/* End PBXVariantGroup section */

/* Begin XCBuildConfiguration section */
		570A29DC2444B9A600DAA382 /* Debug */ = {
			isa = XCBuildConfiguration;
			buildSettings = {
				ALWAYS_SEARCH_USER_PATHS = NO;
				CLANG_ANALYZER_NONNULL = YES;
				CLANG_ANALYZER_NUMBER_OBJECT_CONVERSION = YES_AGGRESSIVE;
				CLANG_CXX_LANGUAGE_STANDARD = "gnu++14";
				CLANG_CXX_LIBRARY = "libc++";
				CLANG_ENABLE_MODULES = YES;
				CLANG_ENABLE_OBJC_ARC = YES;
				CLANG_ENABLE_OBJC_WEAK = YES;
				CLANG_WARN_BLOCK_CAPTURE_AUTORELEASING = YES;
				CLANG_WARN_BOOL_CONVERSION = YES;
				CLANG_WARN_COMMA = YES;
				CLANG_WARN_CONSTANT_CONVERSION = YES;
				CLANG_WARN_DEPRECATED_OBJC_IMPLEMENTATIONS = YES;
				CLANG_WARN_DIRECT_OBJC_ISA_USAGE = YES_ERROR;
				CLANG_WARN_DOCUMENTATION_COMMENTS = YES;
				CLANG_WARN_EMPTY_BODY = YES;
				CLANG_WARN_ENUM_CONVERSION = YES;
				CLANG_WARN_INFINITE_RECURSION = YES;
				CLANG_WARN_INT_CONVERSION = YES;
				CLANG_WARN_NON_LITERAL_NULL_CONVERSION = YES;
				CLANG_WARN_OBJC_IMPLICIT_RETAIN_SELF = YES;
				CLANG_WARN_OBJC_LITERAL_CONVERSION = YES;
				CLANG_WARN_OBJC_ROOT_CLASS = YES_ERROR;
				CLANG_WARN_RANGE_LOOP_ANALYSIS = YES;
				CLANG_WARN_STRICT_PROTOTYPES = YES;
				CLANG_WARN_SUSPICIOUS_MOVE = YES;
				CLANG_WARN_UNGUARDED_AVAILABILITY = YES_AGGRESSIVE;
				CLANG_WARN_UNREACHABLE_CODE = YES;
				CLANG_WARN__DUPLICATE_METHOD_MATCH = YES;
				COPY_PHASE_STRIP = NO;
				DEBUG_INFORMATION_FORMAT = dwarf;
				ENABLE_STRICT_OBJC_MSGSEND = YES;
				ENABLE_TESTABILITY = YES;
				GCC_C_LANGUAGE_STANDARD = gnu11;
				GCC_DYNAMIC_NO_PIC = NO;
				GCC_NO_COMMON_BLOCKS = YES;
				GCC_OPTIMIZATION_LEVEL = 0;
				GCC_PREPROCESSOR_DEFINITIONS = (
					"DEBUG=1",
					"$(inherited)",
				);
				GCC_WARN_64_TO_32_BIT_CONVERSION = YES;
				GCC_WARN_ABOUT_RETURN_TYPE = YES_ERROR;
				GCC_WARN_UNDECLARED_SELECTOR = YES;
				GCC_WARN_UNINITIALIZED_AUTOS = YES_AGGRESSIVE;
				GCC_WARN_UNUSED_FUNCTION = YES;
				GCC_WARN_UNUSED_VARIABLE = YES;
				IPHONEOS_DEPLOYMENT_TARGET = 13.4;
				MTL_ENABLE_DEBUG_INFO = INCLUDE_SOURCE;
				MTL_FAST_MATH = YES;
				ONLY_ACTIVE_ARCH = YES;
				SDKROOT = iphoneos;
				SWIFT_ACTIVE_COMPILATION_CONDITIONS = DEBUG;
				SWIFT_OPTIMIZATION_LEVEL = "-Onone";
			};
			name = Debug;
		};
		570A29DD2444B9A600DAA382 /* Release */ = {
			isa = XCBuildConfiguration;
			buildSettings = {
				ALWAYS_SEARCH_USER_PATHS = NO;
				CLANG_ANALYZER_NONNULL = YES;
				CLANG_ANALYZER_NUMBER_OBJECT_CONVERSION = YES_AGGRESSIVE;
				CLANG_CXX_LANGUAGE_STANDARD = "gnu++14";
				CLANG_CXX_LIBRARY = "libc++";
				CLANG_ENABLE_MODULES = YES;
				CLANG_ENABLE_OBJC_ARC = YES;
				CLANG_ENABLE_OBJC_WEAK = YES;
				CLANG_WARN_BLOCK_CAPTURE_AUTORELEASING = YES;
				CLANG_WARN_BOOL_CONVERSION = YES;
				CLANG_WARN_COMMA = YES;
				CLANG_WARN_CONSTANT_CONVERSION = YES;
				CLANG_WARN_DEPRECATED_OBJC_IMPLEMENTATIONS = YES;
				CLANG_WARN_DIRECT_OBJC_ISA_USAGE = YES_ERROR;
				CLANG_WARN_DOCUMENTATION_COMMENTS = YES;
				CLANG_WARN_EMPTY_BODY = YES;
				CLANG_WARN_ENUM_CONVERSION = YES;
				CLANG_WARN_INFINITE_RECURSION = YES;
				CLANG_WARN_INT_CONVERSION = YES;
				CLANG_WARN_NON_LITERAL_NULL_CONVERSION = YES;
				CLANG_WARN_OBJC_IMPLICIT_RETAIN_SELF = YES;
				CLANG_WARN_OBJC_LITERAL_CONVERSION = YES;
				CLANG_WARN_OBJC_ROOT_CLASS = YES_ERROR;
				CLANG_WARN_RANGE_LOOP_ANALYSIS = YES;
				CLANG_WARN_STRICT_PROTOTYPES = YES;
				CLANG_WARN_SUSPICIOUS_MOVE = YES;
				CLANG_WARN_UNGUARDED_AVAILABILITY = YES_AGGRESSIVE;
				CLANG_WARN_UNREACHABLE_CODE = YES;
				CLANG_WARN__DUPLICATE_METHOD_MATCH = YES;
				COPY_PHASE_STRIP = NO;
				DEBUG_INFORMATION_FORMAT = "dwarf-with-dsym";
				ENABLE_NS_ASSERTIONS = NO;
				ENABLE_STRICT_OBJC_MSGSEND = YES;
				GCC_C_LANGUAGE_STANDARD = gnu11;
				GCC_NO_COMMON_BLOCKS = YES;
				GCC_WARN_64_TO_32_BIT_CONVERSION = YES;
				GCC_WARN_ABOUT_RETURN_TYPE = YES_ERROR;
				GCC_WARN_UNDECLARED_SELECTOR = YES;
				GCC_WARN_UNINITIALIZED_AUTOS = YES_AGGRESSIVE;
				GCC_WARN_UNUSED_FUNCTION = YES;
				GCC_WARN_UNUSED_VARIABLE = YES;
				IPHONEOS_DEPLOYMENT_TARGET = 13.4;
				MTL_ENABLE_DEBUG_INFO = NO;
				MTL_FAST_MATH = YES;
				SDKROOT = iphoneos;
				SWIFT_COMPILATION_MODE = wholemodule;
				SWIFT_OPTIMIZATION_LEVEL = "-O";
				VALIDATE_PRODUCT = YES;
			};
			name = Release;
		};
		570A29DF2444B9A600DAA382 /* Debug */ = {
			isa = XCBuildConfiguration;
			buildSettings = {
				ASSETCATALOG_COMPILER_APPICON_NAME = AppIcon;
				CODE_SIGN_STYLE = Automatic;
				DEVELOPMENT_TEAM = ZEKMNK5YD3;
				INFOPLIST_FILE = "AVFoundation-MediaFeed/Info.plist";
				LD_RUNPATH_SEARCH_PATHS = (
					"$(inherited)",
					"@executable_path/Frameworks",
				);
				PRODUCT_BUNDLE_IDENTIFIER = "com.alexcpaul.AVFoundation-MediaFeed";
				PRODUCT_NAME = "$(TARGET_NAME)";
				SWIFT_VERSION = 5.0;
				TARGETED_DEVICE_FAMILY = "1,2";
			};
			name = Debug;
		};
		570A29E02444B9A600DAA382 /* Release */ = {
			isa = XCBuildConfiguration;
			buildSettings = {
				ASSETCATALOG_COMPILER_APPICON_NAME = AppIcon;
				CODE_SIGN_STYLE = Automatic;
				DEVELOPMENT_TEAM = ZEKMNK5YD3;
				INFOPLIST_FILE = "AVFoundation-MediaFeed/Info.plist";
				LD_RUNPATH_SEARCH_PATHS = (
					"$(inherited)",
					"@executable_path/Frameworks",
				);
				PRODUCT_BUNDLE_IDENTIFIER = "com.alexcpaul.AVFoundation-MediaFeed";
				PRODUCT_NAME = "$(TARGET_NAME)";
				SWIFT_VERSION = 5.0;
				TARGETED_DEVICE_FAMILY = "1,2";
			};
			name = Release;
		};
/* End XCBuildConfiguration section */

/* Begin XCConfigurationList section */
		570A29C52444B9A400DAA382 /* Build configuration list for PBXProject "AVFoundation-MediaFeed" */ = {
			isa = XCConfigurationList;
			buildConfigurations = (
				570A29DC2444B9A600DAA382 /* Debug */,
				570A29DD2444B9A600DAA382 /* Release */,
			);
			defaultConfigurationIsVisible = 0;
			defaultConfigurationName = Release;
		};
		570A29DE2444B9A600DAA382 /* Build configuration list for PBXNativeTarget "AVFoundation-MediaFeed" */ = {
			isa = XCConfigurationList;
			buildConfigurations = (
				570A29DF2444B9A600DAA382 /* Debug */,
				570A29E02444B9A600DAA382 /* Release */,
			);
			defaultConfigurationIsVisible = 0;
			defaultConfigurationName = Release;
		};
/* End XCConfigurationList section */

/* Begin XCVersionGroup section */
		572C3E102446191800938D19 /* MediaFeedDataModel.xcdatamodeld */ = {
			isa = XCVersionGroup;
			children = (
				572C3E112446191800938D19 /* MediaFeedDataModel.xcdatamodel */,
			);
			currentVersion = 572C3E112446191800938D19 /* MediaFeedDataModel.xcdatamodel */;
			path = MediaFeedDataModel.xcdatamodeld;
			sourceTree = "<group>";
			versionGroupType = wrapper.xcdatamodel;
		};
/* End XCVersionGroup section */
	};
	rootObject = 570A29C22444B9A400DAA382 /* Project object */;
}
